
Microsoft Visual Studio Solution File, Format Version 12.00
# Visual Studio 15
VisualStudioVersion = 15.0.26124.0
MinimumVisualStudioVersion = 15.0.26124.0
Project("{F2A71F9B-5D33-465A-A702-920D77279786}") = "FSharpCode", "FSharpCode\FSharpCode.fsproj", "{1CBA3CF1-916F-4B64-A21E-52FF408EF23C}"
EndProject
Project("{FAE04EC0-301F-11D3-BF4B-00C04F79EFBC}") = "CSharpApp", "CSharpApp\CSharpApp.csproj", "{A3227374-383B-4853-8354-F0F6274677AE}"
EndProject
Global
	GlobalSection(SolutionConfigurationPlatforms) = preSolution
		Debug|Any CPU = Debug|Any CPU
		Debug|x64 = Debug|x64
		Debug|x86 = Debug|x86
		Release|Any CPU = Release|Any CPU
		Release|x64 = Release|x64
		Release|x86 = Release|x86
	EndGlobalSection
	GlobalSection(SolutionProperties) = preSolution
		HideSolutionNode = FALSE
	EndGlobalSection
	GlobalSection(ProjectConfigurationPlatforms) = postSolution
		{1CBA3CF1-916F-4B64-A21E-52FF408EF23C}.Debug|Any CPU.ActiveCfg = Debug|Any CPU
		{1CBA3CF1-916F-4B64-A21E-52FF408EF23C}.Debug|Any CPU.Build.0 = Debug|Any CPU
		{1CBA3CF1-916F-4B64-A21E-52FF408EF23C}.Debug|x64.ActiveCfg = Debug|Any CPU
		{1CBA3CF1-916F-4B64-A21E-52FF408EF23C}.Debug|x64.Build.0 = Debug|Any CPU
		{1CBA3CF1-916F-4B64-A21E-52FF408EF23C}.Debug|x86.ActiveCfg = Debug|Any CPU
		{1CBA3CF1-916F-4B64-A21E-52FF408EF23C}.Debug|x86.Build.0 = Debug|Any CPU
		{1CBA3CF1-916F-4B64-A21E-52FF408EF23C}.Release|Any CPU.ActiveCfg = Release|Any CPU
		{1CBA3CF1-916F-4B64-A21E-52FF408EF23C}.Release|Any CPU.Build.0 = Release|Any CPU
		{1CBA3CF1-916F-4B64-A21E-52FF408EF23C}.Release|x64.ActiveCfg = Release|Any CPU
		{1CBA3CF1-916F-4B64-A21E-52FF408EF23C}.Release|x64.Build.0 = Release|Any CPU
		{1CBA3CF1-916F-4B64-A21E-52FF408EF23C}.Release|x86.ActiveCfg = Release|Any CPU
		{1CBA3CF1-916F-4B64-A21E-52FF408EF23C}.Release|x86.Build.0 = Release|Any CPU
		{A3227374-383B-4853-8354-F0F6274677AE}.Debug|Any CPU.ActiveCfg = Debug|Any CPU
		{A3227374-383B-4853-8354-F0F6274677AE}.Debug|Any CPU.Build.0 = Debug|Any CPU
		{A3227374-383B-4853-8354-F0F6274677AE}.Debug|x64.ActiveCfg = Debug|Any CPU
		{A3227374-383B-4853-8354-F0F6274677AE}.Debug|x64.Build.0 = Debug|Any CPU
		{A3227374-383B-4853-8354-F0F6274677AE}.Debug|x86.ActiveCfg = Debug|Any CPU
		{A3227374-383B-4853-8354-F0F6274677AE}.Debug|x86.Build.0 = Debug|Any CPU
		{A3227374-383B-4853-8354-F0F6274677AE}.Release|Any CPU.ActiveCfg = Release|Any CPU
		{A3227374-383B-4853-8354-F0F6274677AE}.Release|Any CPU.Build.0 = Release|Any CPU
		{A3227374-383B-4853-8354-F0F6274677AE}.Release|x64.ActiveCfg = Release|Any CPU
		{A3227374-383B-4853-8354-F0F6274677AE}.Release|x64.Build.0 = Release|Any CPU
		{A3227374-383B-4853-8354-F0F6274677AE}.Release|x86.ActiveCfg = Release|Any CPU
		{A3227374-383B-4853-8354-F0F6274677AE}.Release|x86.Build.0 = Release|Any CPU
	EndGlobalSection
EndGlobal
