
Microsoft Visual Studio Solution File, Format Version 12.00
# Visual Studio 15
VisualStudioVersion = 15.0.27703.2026
MinimumVisualStudioVersion = 10.0.40219.1
Project("{F2A71F9B-5D33-465A-A702-920D77279786}") = "Capstone2", "Capstone2\Capstone2.fsproj", "{372118AF-306D-4088-900D-246B4F4AF15E}"
EndProject
Global
	GlobalSection(SolutionConfigurationPlatforms) = preSolution
		Debug|Any CPU = Debug|Any CPU
		Release|Any CPU = Release|Any CPU
	EndGlobalSection
	GlobalSection(ProjectConfigurationPlatforms) = postSolution
		{372118AF-306D-4088-900D-246B4F4AF15E}.Debug|Any CPU.ActiveCfg = Debug|Any CPU
		{372118AF-306D-4088-900D-246B4F4AF15E}.Debug|Any CPU.Build.0 = Debug|Any CPU
		{372118AF-306D-4088-900D-246B4F4AF15E}.Release|Any CPU.ActiveCfg = Release|Any CPU
		{372118AF-306D-4088-900D-246B4F4AF15E}.Release|Any CPU.Build.0 = Release|Any CPU
	EndGlobalSection
	GlobalSection(SolutionProperties) = preSolution
		HideSolutionNode = FALSE
	EndGlobalSection
	GlobalSection(ExtensibilityGlobals) = postSolution
		SolutionGuid = {D53BA031-442E-447E-970B-AC7FF594825E}
	EndGlobalSection
EndGlobal
